
Microsoft Visual Studio Solution File, Format Version 12.00
# Visual Studio Version 17
VisualStudioVersion = 17.1.32421.90
MinimumVisualStudioVersion = 10.0.40219.1
Project("{FAE04EC0-301F-11D3-BF4B-00C04F79EFBC}") = "DaprApi", "DaprApi.csproj", "{D5AC1196-FCC2-4112-A86A-D848479A03AA}"
EndProject
Project("{2150E333-8FDC-42A3-9474-1A3956D46DE8}") = "Solution Items", "Solution Items", "{0244F6E6-8765-4548-8C82-99482E4038EB}"
	ProjectSection(SolutionItems) = preProject
		..\.gitignore = ..\.gitignore
	EndProjectSection
EndProject
Global
	GlobalSection(SolutionConfigurationPlatforms) = preSolution
		Debug|Any CPU = Debug|Any CPU
		Release|Any CPU = Release|Any CPU
	EndGlobalSection
	GlobalSection(ProjectConfigurationPlatforms) = postSolution
		{D5AC1196-FCC2-4112-A86A-D848479A03AA}.Debug|Any CPU.ActiveCfg = Debug|Any CPU
		{D5AC1196-FCC2-4112-A86A-D848479A03AA}.Debug|Any CPU.Build.0 = Debug|Any CPU
		{D5AC1196-FCC2-4112-A86A-D848479A03AA}.Release|Any CPU.ActiveCfg = Release|Any CPU
		{D5AC1196-FCC2-4112-A86A-D848479A03AA}.Release|Any CPU.Build.0 = Release|Any CPU
	EndGlobalSection
	GlobalSection(SolutionProperties) = preSolution
		HideSolutionNode = FALSE
	EndGlobalSection
	GlobalSection(ExtensibilityGlobals) = postSolution
		SolutionGuid = {B1ABD610-91AC-4262-915E-E98FEE42561A}
	EndGlobalSection
EndGlobal
